// !$*UTF8*$!
{
	archiveVersion = 1;
	classes = {
	};
	objectVersion = 48;
	objects = {

/* Begin PBXBuildFile section */
		55ED0373DB61D8540F6F9397 /* Pods_pixel_city.framework in Frameworks */ = {isa = PBXBuildFile; fileRef = F516EA5D3C0AAE545473EA8F /* Pods_pixel_city.framework */; };
		D610ECD71FF99DA4008103DA /* AppDelegate.swift in Sources */ = {isa = PBXBuildFile; fileRef = D610ECD61FF99DA4008103DA /* AppDelegate.swift */; };
		D610ECD91FF99DA4008103DA /* MapVC.swift in Sources */ = {isa = PBXBuildFile; fileRef = D610ECD81FF99DA4008103DA /* MapVC.swift */; };
		D610ECDC1FF99DA4008103DA /* Main.storyboard in Resources */ = {isa = PBXBuildFile; fileRef = D610ECDA1FF99DA4008103DA /* Main.storyboard */; };
		D610ECDE1FF99DA4008103DA /* Assets.xcassets in Resources */ = {isa = PBXBuildFile; fileRef = D610ECDD1FF99DA4008103DA /* Assets.xcassets */; };
		D610ECE11FF99DA4008103DA /* LaunchScreen.storyboard in Resources */ = {isa = PBXBuildFile; fileRef = D610ECDF1FF99DA4008103DA /* LaunchScreen.storyboard */; };
		D66B6E631FFB88F50038809E /* DroppablePin.swift in Sources */ = {isa = PBXBuildFile; fileRef = D66B6E621FFB88F50038809E /* DroppablePin.swift */; };
		D6D03BC52000708900B7DA4C /* Constants.swift in Sources */ = {isa = PBXBuildFile; fileRef = D6D03BC42000708900B7DA4C /* Constants.swift */; };
		D6D3F36C1FFE19B000FC2048 /* PhotoCell.swift in Sources */ = {isa = PBXBuildFile; fileRef = D6D3F36B1FFE19B000FC2048 /* PhotoCell.swift */; };
/* End PBXBuildFile section */

/* Begin PBXFileReference section */
		2F008AEA28A0C8B59B97D802 /* Pods-pixel-city.debug.xcconfig */ = {isa = PBXFileReference; includeInIndex = 1; lastKnownFileType = text.xcconfig; name = "Pods-pixel-city.debug.xcconfig"; path = "Pods/Target Support Files/Pods-pixel-city/Pods-pixel-city.debug.xcconfig"; sourceTree = "<group>"; };
		9DC7EE14ABCF31951E8DF1D7 /* Pods-pixel-city.release.xcconfig */ = {isa = PBXFileReference; includeInIndex = 1; lastKnownFileType = text.xcconfig; name = "Pods-pixel-city.release.xcconfig"; path = "Pods/Target Support Files/Pods-pixel-city/Pods-pixel-city.release.xcconfig"; sourceTree = "<group>"; };
		D610ECD31FF99DA4008103DA /* pixel-city.app */ = {isa = PBXFileReference; explicitFileType = wrapper.application; includeInIndex = 0; path = "pixel-city.app"; sourceTree = BUILT_PRODUCTS_DIR; };
		D610ECD61FF99DA4008103DA /* AppDelegate.swift */ = {isa = PBXFileReference; lastKnownFileType = sourcecode.swift; path = AppDelegate.swift; sourceTree = "<group>"; };
		D610ECD81FF99DA4008103DA /* MapVC.swift */ = {isa = PBXFileReference; lastKnownFileType = sourcecode.swift; path = MapVC.swift; sourceTree = "<group>"; };
		D610ECDB1FF99DA4008103DA /* Base */ = {isa = PBXFileReference; lastKnownFileType = file.storyboard; name = Base; path = Base.lproj/Main.storyboard; sourceTree = "<group>"; };
		D610ECDD1FF99DA4008103DA /* Assets.xcassets */ = {isa = PBXFileReference; lastKnownFileType = folder.assetcatalog; path = Assets.xcassets; sourceTree = "<group>"; };
		D610ECE01FF99DA4008103DA /* Base */ = {isa = PBXFileReference; lastKnownFileType = file.storyboard; name = Base; path = Base.lproj/LaunchScreen.storyboard; sourceTree = "<group>"; };
		D610ECE21FF99DA4008103DA /* Info.plist */ = {isa = PBXFileReference; lastKnownFileType = text.plist.xml; path = Info.plist; sourceTree = "<group>"; };
		D66B6E621FFB88F50038809E /* DroppablePin.swift */ = {isa = PBXFileReference; lastKnownFileType = sourcecode.swift; path = DroppablePin.swift; sourceTree = "<group>"; };
		D6D03BC42000708900B7DA4C /* Constants.swift */ = {isa = PBXFileReference; lastKnownFileType = sourcecode.swift; path = Constants.swift; sourceTree = "<group>"; };
		D6D3F36B1FFE19B000FC2048 /* PhotoCell.swift */ = {isa = PBXFileReference; lastKnownFileType = sourcecode.swift; path = PhotoCell.swift; sourceTree = "<group>"; };
		F516EA5D3C0AAE545473EA8F /* Pods_pixel_city.framework */ = {isa = PBXFileReference; explicitFileType = wrapper.framework; includeInIndex = 0; path = Pods_pixel_city.framework; sourceTree = BUILT_PRODUCTS_DIR; };
/* End PBXFileReference section */

/* Begin PBXFrameworksBuildPhase section */
		D610ECD01FF99DA4008103DA /* Frameworks */ = {
			isa = PBXFrameworksBuildPhase;
			buildActionMask = 2147483647;
			files = (
				55ED0373DB61D8540F6F9397 /* Pods_pixel_city.framework in Frameworks */,
			);
			runOnlyForDeploymentPostprocessing = 0;
		};
/* End PBXFrameworksBuildPhase section */

/* Begin PBXGroup section */
		10F3406442AB5DEF5C0DD826 /* Pods */ = {
			isa = PBXGroup;
			children = (
				2F008AEA28A0C8B59B97D802 /* Pods-pixel-city.debug.xcconfig */,
				9DC7EE14ABCF31951E8DF1D7 /* Pods-pixel-city.release.xcconfig */,
			);
			name = Pods;
			sourceTree = "<group>";
		};
		D610ECCA1FF99DA3008103DA = {
			isa = PBXGroup;
			children = (
				D610ECD51FF99DA4008103DA /* pixel-city */,
				D610ECD41FF99DA4008103DA /* Products */,
				10F3406442AB5DEF5C0DD826 /* Pods */,
				F6CFF09539627ED0F43C3D1F /* Frameworks */,
			);
			sourceTree = "<group>";
		};
		D610ECD41FF99DA4008103DA /* Products */ = {
			isa = PBXGroup;
			children = (
				D610ECD31FF99DA4008103DA /* pixel-city.app */,
			);
			name = Products;
			sourceTree = "<group>";
		};
		D610ECD51FF99DA4008103DA /* pixel-city */ = {
			isa = PBXGroup;
			children = (
				D610ECEB1FF99DFF008103DA /* Utilities */,
				D610ECEA1FF99DF5008103DA /* Extensions */,
				D610ECE91FF99DE9008103DA /* View */,
				D610ECE81FF99DD7008103DA /* Controller */,
				D610ECD61FF99DA4008103DA /* AppDelegate.swift */,
				D610ECDA1FF99DA4008103DA /* Main.storyboard */,
				D610ECDD1FF99DA4008103DA /* Assets.xcassets */,
				D610ECDF1FF99DA4008103DA /* LaunchScreen.storyboard */,
				D610ECE21FF99DA4008103DA /* Info.plist */,
			);
			path = "pixel-city";
			sourceTree = "<group>";
		};
		D610ECE81FF99DD7008103DA /* Controller */ = {
			isa = PBXGroup;
			children = (
				D610ECD81FF99DA4008103DA /* MapVC.swift */,
			);
			path = Controller;
			sourceTree = "<group>";
		};
		D610ECE91FF99DE9008103DA /* View */ = {
			isa = PBXGroup;
			children = (
				D66B6E621FFB88F50038809E /* DroppablePin.swift */,
				D6D3F36B1FFE19B000FC2048 /* PhotoCell.swift */,
			);
			path = View;
			sourceTree = "<group>";
		};
		D610ECEA1FF99DF5008103DA /* Extensions */ = {
			isa = PBXGroup;
			children = (
			);
			path = Extensions;
			sourceTree = "<group>";
		};
		D610ECEB1FF99DFF008103DA /* Utilities */ = {
			isa = PBXGroup;
			children = (
				D6D03BC42000708900B7DA4C /* Constants.swift */,
			);
			path = Utilities;
			sourceTree = "<group>";
		};
		F6CFF09539627ED0F43C3D1F /* Frameworks */ = {
			isa = PBXGroup;
			children = (
				F516EA5D3C0AAE545473EA8F /* Pods_pixel_city.framework */,
			);
			name = Frameworks;
			sourceTree = "<group>";
		};
/* End PBXGroup section */

/* Begin PBXNativeTarget section */
		D610ECD21FF99DA4008103DA /* pixel-city */ = {
			isa = PBXNativeTarget;
			buildConfigurationList = D610ECE51FF99DA4008103DA /* Build configuration list for PBXNativeTarget "pixel-city" */;
			buildPhases = (
				E034F10E9227B4C823411907 /* [CP] Check Pods Manifest.lock */,
				D610ECCF1FF99DA4008103DA /* Sources */,
				D610ECD01FF99DA4008103DA /* Frameworks */,
				D610ECD11FF99DA4008103DA /* Resources */,
				4148CA4044409CE080DFD6E5 /* [CP] Embed Pods Frameworks */,
				125205AF4F7624567BA1BD3E /* [CP] Copy Pods Resources */,
			);
			buildRules = (
			);
			dependencies = (
			);
			name = "pixel-city";
			productName = "pixel-city";
			productReference = D610ECD31FF99DA4008103DA /* pixel-city.app */;
			productType = "com.apple.product-type.application";
		};
/* End PBXNativeTarget section */

/* Begin PBXProject section */
		D610ECCB1FF99DA4008103DA /* Project object */ = {
			isa = PBXProject;
			attributes = {
				LastSwiftUpdateCheck = 0900;
				LastUpgradeCheck = 0900;
				ORGANIZATIONNAME = Beverly;
				TargetAttributes = {
					D610ECD21FF99DA4008103DA = {
						CreatedOnToolsVersion = 9.0;
						ProvisioningStyle = Manual;
					};
				};
			};
			buildConfigurationList = D610ECCE1FF99DA4008103DA /* Build configuration list for PBXProject "pixel-city" */;
			compatibilityVersion = "Xcode 8.0";
			developmentRegion = en;
			hasScannedForEncodings = 0;
			knownRegions = (
				en,
				Base,
			);
			mainGroup = D610ECCA1FF99DA3008103DA;
			productRefGroup = D610ECD41FF99DA4008103DA /* Products */;
			projectDirPath = "";
			projectRoot = "";
			targets = (
				D610ECD21FF99DA4008103DA /* pixel-city */,
			);
		};
/* End PBXProject section */

/* Begin PBXResourcesBuildPhase section */
		D610ECD11FF99DA4008103DA /* Resources */ = {
			isa = PBXResourcesBuildPhase;
			buildActionMask = 2147483647;
			files = (
				D610ECE11FF99DA4008103DA /* LaunchScreen.storyboard in Resources */,
				D610ECDE1FF99DA4008103DA /* Assets.xcassets in Resources */,
				D610ECDC1FF99DA4008103DA /* Main.storyboard in Resources */,
			);
			runOnlyForDeploymentPostprocessing = 0;
		};
/* End PBXResourcesBuildPhase section */

/* Begin PBXShellScriptBuildPhase section */
		125205AF4F7624567BA1BD3E /* [CP] Copy Pods Resources */ = {
			isa = PBXShellScriptBuildPhase;
			buildActionMask = 2147483647;
			files = (
			);
			inputPaths = (
			);
			name = "[CP] Copy Pods Resources";
			outputPaths = (
			);
			runOnlyForDeploymentPostprocessing = 0;
			shellPath = /bin/sh;
			shellScript = "\"${SRCROOT}/Pods/Target Support Files/Pods-pixel-city/Pods-pixel-city-resources.sh\"\n";
			showEnvVarsInLog = 0;
		};
		4148CA4044409CE080DFD6E5 /* [CP] Embed Pods Frameworks */ = {
			isa = PBXShellScriptBuildPhase;
			buildActionMask = 2147483647;
			files = (
			);
			inputPaths = (
			);
			name = "[CP] Embed Pods Frameworks";
			outputPaths = (
			);
			runOnlyForDeploymentPostprocessing = 0;
			shellPath = /bin/sh;
			shellScript = "\"${SRCROOT}/Pods/Target Support Files/Pods-pixel-city/Pods-pixel-city-frameworks.sh\"\n";
			showEnvVarsInLog = 0;
		};
		E034F10E9227B4C823411907 /* [CP] Check Pods Manifest.lock */ = {
			isa = PBXShellScriptBuildPhase;
			buildActionMask = 2147483647;
			files = (
			);
			inputPaths = (
			);
			name = "[CP] Check Pods Manifest.lock";
			outputPaths = (
			);
			runOnlyForDeploymentPostprocessing = 0;
			shellPath = /bin/sh;
			shellScript = "diff \"${PODS_ROOT}/../Podfile.lock\" \"${PODS_ROOT}/Manifest.lock\" > /dev/null\nif [ $? != 0 ] ; then\n    # print error to STDERR\n    echo \"error: The sandbox is not in sync with the Podfile.lock. Run 'pod install' or update your CocoaPods installation.\" >&2\n    exit 1\nfi\n";
			showEnvVarsInLog = 0;
		};
/* End PBXShellScriptBuildPhase section */

/* Begin PBXSourcesBuildPhase section */
		D610ECCF1FF99DA4008103DA /* Sources */ = {
			isa = PBXSourcesBuildPhase;
			buildActionMask = 2147483647;
			files = (
				D6D03BC52000708900B7DA4C /* Constants.swift in Sources */,
				D6D3F36C1FFE19B000FC2048 /* PhotoCell.swift in Sources */,
				D610ECD91FF99DA4008103DA /* MapVC.swift in Sources */,
				D66B6E631FFB88F50038809E /* DroppablePin.swift in Sources */,
				D610ECD71FF99DA4008103DA /* AppDelegate.swift in Sources */,
			);
			runOnlyForDeploymentPostprocessing = 0;
		};
/* End PBXSourcesBuildPhase section */

/* Begin PBXVariantGroup section */
		D610ECDA1FF99DA4008103DA /* Main.storyboard */ = {
			isa = PBXVariantGroup;
			children = (
				D610ECDB1FF99DA4008103DA /* Base */,
			);
			name = Main.storyboard;
			sourceTree = "<group>";
		};
		D610ECDF1FF99DA4008103DA /* LaunchScreen.storyboard */ = {
			isa = PBXVariantGroup;
			children = (
				D610ECE01FF99DA4008103DA /* Base */,
			);
			name = LaunchScreen.storyboard;
			sourceTree = "<group>";
		};
/* End PBXVariantGroup section */

/* Begin XCBuildConfiguration section */
		D610ECE31FF99DA4008103DA /* Debug */ = {
			isa = XCBuildConfiguration;
			buildSettings = {
				ALWAYS_SEARCH_USER_PATHS = NO;
				CLANG_ANALYZER_NONNULL = YES;
				CLANG_ANALYZER_NUMBER_OBJECT_CONVERSION = YES_AGGRESSIVE;
				CLANG_CXX_LANGUAGE_STANDARD = "gnu++14";
				CLANG_CXX_LIBRARY = "libc++";
				CLANG_ENABLE_MODULES = YES;
				CLANG_ENABLE_OBJC_ARC = YES;
				CLANG_WARN_BLOCK_CAPTURE_AUTORELEASING = YES;
				CLANG_WARN_BOOL_CONVERSION = YES;
				CLANG_WARN_COMMA = YES;
				CLANG_WARN_CONSTANT_CONVERSION = YES;
				CLANG_WARN_DIRECT_OBJC_ISA_USAGE = YES_ERROR;
				CLANG_WARN_DOCUMENTATION_COMMENTS = YES;
				CLANG_WARN_EMPTY_BODY = YES;
				CLANG_WARN_ENUM_CONVERSION = YES;
				CLANG_WARN_INFINITE_RECURSION = YES;
				CLANG_WARN_INT_CONVERSION = YES;
				CLANG_WARN_NON_LITERAL_NULL_CONVERSION = YES;
				CLANG_WARN_OBJC_LITERAL_CONVERSION = YES;
				CLANG_WARN_OBJC_ROOT_CLASS = YES_ERROR;
				CLANG_WARN_RANGE_LOOP_ANALYSIS = YES;
				CLANG_WARN_STRICT_PROTOTYPES = YES;
				CLANG_WARN_SUSPICIOUS_MOVE = YES;
				CLANG_WARN_UNGUARDED_AVAILABILITY = YES_AGGRESSIVE;
				CLANG_WARN_UNREACHABLE_CODE = YES;
				CLANG_WARN__DUPLICATE_METHOD_MATCH = YES;
				CODE_SIGN_IDENTITY = "iPhone Developer";
				COPY_PHASE_STRIP = NO;
				DEBUG_INFORMATION_FORMAT = dwarf;
				ENABLE_STRICT_OBJC_MSGSEND = YES;
				ENABLE_TESTABILITY = YES;
				GCC_C_LANGUAGE_STANDARD = gnu11;
				GCC_DYNAMIC_NO_PIC = NO;
				GCC_NO_COMMON_BLOCKS = YES;
				GCC_OPTIMIZATION_LEVEL = 0;
				GCC_PREPROCESSOR_DEFINITIONS = (
					"DEBUG=1",
					"$(inherited)",
				);
				GCC_WARN_64_TO_32_BIT_CONVERSION = YES;
				GCC_WARN_ABOUT_RETURN_TYPE = YES_ERROR;
				GCC_WARN_UNDECLARED_SELECTOR = YES;
				GCC_WARN_UNINITIALIZED_AUTOS = YES_AGGRESSIVE;
				GCC_WARN_UNUSED_FUNCTION = YES;
				GCC_WARN_UNUSED_VARIABLE = YES;
				IPHONEOS_DEPLOYMENT_TARGET = 11.0;
				MTL_ENABLE_DEBUG_INFO = YES;
				ONLY_ACTIVE_ARCH = YES;
				SDKROOT = iphoneos;
				SWIFT_ACTIVE_COMPILATION_CONDITIONS = DEBUG;
				SWIFT_OPTIMIZATION_LEVEL = "-Onone";
			};
			name = Debug;
		};
		D610ECE41FF99DA4008103DA /* Release */ = {
			isa = XCBuildConfiguration;
			buildSettings = {
				ALWAYS_SEARCH_USER_PATHS = NO;
				CLANG_ANALYZER_NONNULL = YES;
				CLANG_ANALYZER_NUMBER_OBJECT_CONVERSION = YES_AGGRESSIVE;
				CLANG_CXX_LANGUAGE_STANDARD = "gnu++14";
				CLANG_CXX_LIBRARY = "libc++";
				CLANG_ENABLE_MODULES = YES;
				CLANG_ENABLE_OBJC_ARC = YES;
				CLANG_WARN_BLOCK_CAPTURE_AUTORELEASING = YES;
				CLANG_WARN_BOOL_CONVERSION = YES;
				CLANG_WARN_COMMA = YES;
				CLANG_WARN_CONSTANT_CONVERSION = YES;
				CLANG_WARN_DIRECT_OBJC_ISA_USAGE = YES_ERROR;
				CLANG_WARN_DOCUMENTATION_COMMENTS = YES;
				CLANG_WARN_EMPTY_BODY = YES;
				CLANG_WARN_ENUM_CONVERSION = YES;
				CLANG_WARN_INFINITE_RECURSION = YES;
				CLANG_WARN_INT_CONVERSION = YES;
				CLANG_WARN_NON_LITERAL_NULL_CONVERSION = YES;
				CLANG_WARN_OBJC_LITERAL_CONVERSION = YES;
				CLANG_WARN_OBJC_ROOT_CLASS = YES_ERROR;
				CLANG_WARN_RANGE_LOOP_ANALYSIS = YES;
				CLANG_WARN_STRICT_PROTOTYPES = YES;
				CLANG_WARN_SUSPICIOUS_MOVE = YES;
				CLANG_WARN_UNGUARDED_AVAILABILITY = YES_AGGRESSIVE;
				CLANG_WARN_UNREACHABLE_CODE = YES;
				CLANG_WARN__DUPLICATE_METHOD_MATCH = YES;
				CODE_SIGN_IDENTITY = "iPhone Developer";
				COPY_PHASE_STRIP = NO;
				DEBUG_INFORMATION_FORMAT = "dwarf-with-dsym";
				ENABLE_NS_ASSERTIONS = NO;
				ENABLE_STRICT_OBJC_MSGSEND = YES;
				GCC_C_LANGUAGE_STANDARD = gnu11;
				GCC_NO_COMMON_BLOCKS = YES;
				GCC_WARN_64_TO_32_BIT_CONVERSION = YES;
				GCC_WARN_ABOUT_RETURN_TYPE = YES_ERROR;
				GCC_WARN_UNDECLARED_SELECTOR = YES;
				GCC_WARN_UNINITIALIZED_AUTOS = YES_AGGRESSIVE;
				GCC_WARN_UNUSED_FUNCTION = YES;
				GCC_WARN_UNUSED_VARIABLE = YES;
				IPHONEOS_DEPLOYMENT_TARGET = 11.0;
				MTL_ENABLE_DEBUG_INFO = NO;
				SDKROOT = iphoneos;
				SWIFT_OPTIMIZATION_LEVEL = "-Owholemodule";
				VALIDATE_PRODUCT = YES;
			};
			name = Release;
		};
		D610ECE61FF99DA4008103DA /* Debug */ = {
			isa = XCBuildConfiguration;
			baseConfigurationReference = 2F008AEA28A0C8B59B97D802 /* Pods-pixel-city.debug.xcconfig */;
			buildSettings = {
				ASSETCATALOG_COMPILER_APPICON_NAME = AppIcon;
				CODE_SIGN_STYLE = Manual;
				DEVELOPMENT_TEAM = "";
				INFOPLIST_FILE = "pixel-city/Info.plist";
				LD_RUNPATH_SEARCH_PATHS = "$(inherited) @executable_path/Frameworks";
				PRODUCT_BUNDLE_IDENTIFIER = "com.makeapple.pixel-city";
				PRODUCT_NAME = "$(TARGET_NAME)";
				PROVISIONING_PROFILE_SPECIFIER = "";
				SWIFT_VERSION = 4.0;
				TARGETED_DEVICE_FAMILY = "1,2";
			};
			name = Debug;
		};
		D610ECE71FF99DA4008103DA /* Release */ = {
			isa = XCBuildConfiguration;
			baseConfigurationReference = 9DC7EE14ABCF31951E8DF1D7 /* Pods-pixel-city.release.xcconfig */;
			buildSettings = {
				ASSETCATALOG_COMPILER_APPICON_NAME = AppIcon;
				CODE_SIGN_STYLE = Manual;
				DEVELOPMENT_TEAM = "";
				INFOPLIST_FILE = "pixel-city/Info.plist";
				LD_RUNPATH_SEARCH_PATHS = "$(inherited) @executable_path/Frameworks";
				PRODUCT_BUNDLE_IDENTIFIER = "com.makeapple.pixel-city";
				PRODUCT_NAME = "$(TARGET_NAME)";
				PROVISIONING_PROFILE_SPECIFIER = "";
				SWIFT_VERSION = 4.0;
				TARGETED_DEVICE_FAMILY = "1,2";
			};
			name = Release;
		};
/* End XCBuildConfiguration section */

/* Begin XCConfigurationList section */
		D610ECCE1FF99DA4008103DA /* Build configuration list for PBXProject "pixel-city" */ = {
			isa = XCConfigurationList;
			buildConfigurations = (
				D610ECE31FF99DA4008103DA /* Debug */,
				D610ECE41FF99DA4008103DA /* Release */,
			);
			defaultConfigurationIsVisible = 0;
			defaultConfigurationName = Release;
		};
		D610ECE51FF99DA4008103DA /* Build configuration list for PBXNativeTarget "pixel-city" */ = {
			isa = XCConfigurationList;
			buildConfigurations = (
				D610ECE61FF99DA4008103DA /* Debug */,
				D610ECE71FF99DA4008103DA /* Release */,
			);
			defaultConfigurationIsVisible = 0;
			defaultConfigurationName = Release;
		};
/* End XCConfigurationList section */
	};
	rootObject = D610ECCB1FF99DA4008103DA /* Project object */;
}
